<?xml version="1.0" encoding="UTF-8" standalone="yes" ?>
<CodeBlocks_project_file>
	<FileVersion major="1" minor="6" />
	<Project>
		<Option title="Flatlands - ESOE" />
		<Option pch_mode="2" />
		<Option compiler="gcc" />
		<Build>
			<Target title="Debug">
				<Option output="bin/Debug/Flatlands - ESOE" prefix_auto="1" extension_auto="1" />
				<Option object_output="obj/Debug/" />
				<Option type="1" />
				<Option compiler="gcc" />
				<Compiler>
					<Add option="-g" />
				</Compiler>
			</Target>
			<Target title="Release">
				<Option output="bin/Release/Flatlands - ESOE" prefix_auto="1" extension_auto="1" />
				<Option object_output="obj/Release/" />
				<Option type="1" />
				<Option compiler="gcc" />
				<Compiler>
					<Add option="-O2" />
				</Compiler>
				<Linker>
					<Add option="-s" />
				</Linker>
			</Target>
		</Build>
		<Compiler>
			<Add option="-Wnon-virtual-dtor" />
			<Add option="-Wshadow" />
			<Add option="-Winit-self" />
			<Add option="-Wredundant-decls" />
			<Add option="-Wcast-align" />
			<Add option="-Wundef" />
			<Add option="-Wfloat-equal" />
			<Add option="-Winline" />
			<Add option="-Wunreachable-code" />
			<Add option="-Wmissing-declarations" />
			<Add option="-Wmissing-include-dirs" />
			<Add option="-Wmain" />
			<Add option="-pedantic" />
			<Add option="-Wzero-as-null-pointer-constant" />
			<Add option="-Wextra" />
			<Add option="-Wall" />
			<Add option="-std=c++1y" />
			<Add option="-fexceptions" />
			<Add directory="libs/sgl/include" />
			<Add directory="libs/pugixml/src" />
		</Compiler>
		<Linker>
			<Add option="-lSGL" />
			<Add option="-lopengl32" />
			<Add option="-lmingw32" />
			<Add option="-lSDL2" />
			<Add option="-lSDL2_image" />
			<Add option="-lSDL2_mixer" />
			<Add option="-lSDL2_ttf" />
			<Add library="libs\sgl\libs\32\lib\glew32.lib" />
			<Add directory="libs/sgl/libs/32/lib" />
		</Linker>
		<Unit filename="Patch.hpp" />
		<Unit filename="TileMap.cpp" />
		<Unit filename="TileMap.hpp" />
		<Unit filename="Tiles/Factory.cpp" />
		<Unit filename="Tiles/Factory.hpp" />
		<Unit filename="Tiles/Gras.cpp" />
		<Unit filename="Tiles/Gras.hpp" />
		<Unit filename="Tiles/Ground.cpp" />
		<Unit filename="Tiles/Ground.hpp" />
		<Unit filename="Tiles/Stream.cpp" />
		<Unit filename="Tiles/Stream.hpp" />
		<Unit filename="Tiles/Tile.cpp" />
		<Unit filename="Tiles/Tile.hpp" />
		<Unit filename="libs/pugixml/src/pugixml.cpp" />
		<Unit filename="main.cpp" />
		<Extensions>
			<code_completion />
			<envvars />
			<debugger />
			<lib_finder disable_auto="1" />
		</Extensions>
	</Project>
</CodeBlocks_project_file>
